// !$*UTF8*$!
{
	archiveVersion = 1;
	classes = {
	};
	objectVersion = 50;
	objects = {

/* Begin PBXBuildFile section */
		3AEBC9DC2521FFCA003EA6E2 /* Scale WatchKit App.app in Embed Watch Content */ = {isa = PBXBuildFile; fileRef = 3AEBC9DB2521FFCA003EA6E2 /* Scale WatchKit App.app */; settings = {ATTRIBUTES = (RemoveHeadersOnCopy, ); }; };
		3AEBC9E22521FFCA003EA6E2 /* Interface.storyboard in Resources */ = {isa = PBXBuildFile; fileRef = 3AEBC9E02521FFCA003EA6E2 /* Interface.storyboard */; };
		3AEBC9E42521FFD0003EA6E2 /* Assets.xcassets in Resources */ = {isa = PBXBuildFile; fileRef = 3AEBC9E32521FFD0003EA6E2 /* Assets.xcassets */; };
		3AEBC9EB2521FFD0003EA6E2 /* Scale WatchKit Extension.appex in Embed App Extensions */ = {isa = PBXBuildFile; fileRef = 3AEBC9EA2521FFD0003EA6E2 /* Scale WatchKit Extension.appex */; settings = {ATTRIBUTES = (RemoveHeadersOnCopy, ); }; };
		3AEBC9F02521FFD0003EA6E2 /* InterfaceController.swift in Sources */ = {isa = PBXBuildFile; fileRef = 3AEBC9EF2521FFD0003EA6E2 /* InterfaceController.swift */; };
		3AEBC9F22521FFD0003EA6E2 /* ExtensionDelegate.swift in Sources */ = {isa = PBXBuildFile; fileRef = 3AEBC9F12521FFD0003EA6E2 /* ExtensionDelegate.swift */; };
		3AEBC9F42521FFD0003EA6E2 /* NotificationController.swift in Sources */ = {isa = PBXBuildFile; fileRef = 3AEBC9F32521FFD0003EA6E2 /* NotificationController.swift */; };
		3AEBC9F62521FFD0003EA6E2 /* ComplicationController.swift in Sources */ = {isa = PBXBuildFile; fileRef = 3AEBC9F52521FFD0003EA6E2 /* ComplicationController.swift */; };
		3AEBC9F82521FFD2003EA6E2 /* Assets.xcassets in Resources */ = {isa = PBXBuildFile; fileRef = 3AEBC9F72521FFD2003EA6E2 /* Assets.xcassets */; };
		3AEBCA0925220368003EA6E2 /* ConfirmationInterfaceController.swift in Sources */ = {isa = PBXBuildFile; fileRef = 3AEBCA0825220368003EA6E2 /* ConfirmationInterfaceController.swift */; };
/* End PBXBuildFile section */

/* Begin PBXContainerItemProxy section */
		3AEBC9DD2521FFCA003EA6E2 /* PBXContainerItemProxy */ = {
			isa = PBXContainerItemProxy;
			containerPortal = 3AEBC9D12521FFC9003EA6E2 /* Project object */;
			proxyType = 1;
			remoteGlobalIDString = 3AEBC9DA2521FFCA003EA6E2;
			remoteInfo = "Scale WatchKit App";
		};
		3AEBC9EC2521FFD0003EA6E2 /* PBXContainerItemProxy */ = {
			isa = PBXContainerItemProxy;
			containerPortal = 3AEBC9D12521FFC9003EA6E2 /* Project object */;
			proxyType = 1;
			remoteGlobalIDString = 3AEBC9E92521FFD0003EA6E2;
			remoteInfo = "Scale WatchKit Extension";
		};
/* End PBXContainerItemProxy section */

/* Begin PBXCopyFilesBuildPhase section */
		3AEBCA002521FFD2003EA6E2 /* Embed App Extensions */ = {
			isa = PBXCopyFilesBuildPhase;
			buildActionMask = 2147483647;
			dstPath = "";
			dstSubfolderSpec = 13;
			files = (
				3AEBC9EB2521FFD0003EA6E2 /* Scale WatchKit Extension.appex in Embed App Extensions */,
			);
			name = "Embed App Extensions";
			runOnlyForDeploymentPostprocessing = 0;
		};
		3AEBCA042521FFD2003EA6E2 /* Embed Watch Content */ = {
			isa = PBXCopyFilesBuildPhase;
			buildActionMask = 2147483647;
			dstPath = "$(CONTENTS_FOLDER_PATH)/Watch";
			dstSubfolderSpec = 16;
			files = (
				3AEBC9DC2521FFCA003EA6E2 /* Scale WatchKit App.app in Embed Watch Content */,
			);
			name = "Embed Watch Content";
			runOnlyForDeploymentPostprocessing = 0;
		};
/* End PBXCopyFilesBuildPhase section */

/* Begin PBXFileReference section */
		3AEBC9D72521FFCA003EA6E2 /* Scale.app */ = {isa = PBXFileReference; explicitFileType = wrapper.application; includeInIndex = 0; path = Scale.app; sourceTree = BUILT_PRODUCTS_DIR; };
		3AEBC9DB2521FFCA003EA6E2 /* Scale WatchKit App.app */ = {isa = PBXFileReference; explicitFileType = wrapper.application; includeInIndex = 0; path = "Scale WatchKit App.app"; sourceTree = BUILT_PRODUCTS_DIR; };
		3AEBC9E12521FFCA003EA6E2 /* Base */ = {isa = PBXFileReference; lastKnownFileType = file.storyboard; name = Base; path = Base.lproj/Interface.storyboard; sourceTree = "<group>"; };
		3AEBC9E32521FFD0003EA6E2 /* Assets.xcassets */ = {isa = PBXFileReference; lastKnownFileType = folder.assetcatalog; path = Assets.xcassets; sourceTree = "<group>"; };
		3AEBC9E52521FFD0003EA6E2 /* Info.plist */ = {isa = PBXFileReference; lastKnownFileType = text.plist.xml; path = Info.plist; sourceTree = "<group>"; };
		3AEBC9EA2521FFD0003EA6E2 /* Scale WatchKit Extension.appex */ = {isa = PBXFileReference; explicitFileType = "wrapper.app-extension"; includeInIndex = 0; path = "Scale WatchKit Extension.appex"; sourceTree = BUILT_PRODUCTS_DIR; };
		3AEBC9EF2521FFD0003EA6E2 /* InterfaceController.swift */ = {isa = PBXFileReference; lastKnownFileType = sourcecode.swift; path = InterfaceController.swift; sourceTree = "<group>"; };
		3AEBC9F12521FFD0003EA6E2 /* ExtensionDelegate.swift */ = {isa = PBXFileReference; lastKnownFileType = sourcecode.swift; path = ExtensionDelegate.swift; sourceTree = "<group>"; };
		3AEBC9F32521FFD0003EA6E2 /* NotificationController.swift */ = {isa = PBXFileReference; lastKnownFileType = sourcecode.swift; path = NotificationController.swift; sourceTree = "<group>"; };
		3AEBC9F52521FFD0003EA6E2 /* ComplicationController.swift */ = {isa = PBXFileReference; lastKnownFileType = sourcecode.swift; path = ComplicationController.swift; sourceTree = "<group>"; };
		3AEBC9F72521FFD2003EA6E2 /* Assets.xcassets */ = {isa = PBXFileReference; lastKnownFileType = folder.assetcatalog; path = Assets.xcassets; sourceTree = "<group>"; };
		3AEBC9F92521FFD2003EA6E2 /* Info.plist */ = {isa = PBXFileReference; lastKnownFileType = text.plist.xml; path = Info.plist; sourceTree = "<group>"; };
		3AEBC9FA2521FFD2003EA6E2 /* PushNotificationPayload.apns */ = {isa = PBXFileReference; lastKnownFileType = text; path = PushNotificationPayload.apns; sourceTree = "<group>"; };
		3AEBCA0825220368003EA6E2 /* ConfirmationInterfaceController.swift */ = {isa = PBXFileReference; lastKnownFileType = sourcecode.swift; path = ConfirmationInterfaceController.swift; sourceTree = "<group>"; };
/* End PBXFileReference section */

/* Begin PBXFrameworksBuildPhase section */
		3AEBC9E72521FFD0003EA6E2 /* Frameworks */ = {
			isa = PBXFrameworksBuildPhase;
			buildActionMask = 2147483647;
			files = (
			);
			runOnlyForDeploymentPostprocessing = 0;
		};
/* End PBXFrameworksBuildPhase section */

/* Begin PBXGroup section */
		3AEBC9D02521FFC9003EA6E2 = {
			isa = PBXGroup;
			children = (
				3AEBC9DF2521FFCA003EA6E2 /* Scale WatchKit App */,
				3AEBC9EE2521FFD0003EA6E2 /* Scale WatchKit Extension */,
				3AEBC9D82521FFCA003EA6E2 /* Products */,
			);
			sourceTree = "<group>";
		};
		3AEBC9D82521FFCA003EA6E2 /* Products */ = {
			isa = PBXGroup;
			children = (
				3AEBC9D72521FFCA003EA6E2 /* Scale.app */,
				3AEBC9DB2521FFCA003EA6E2 /* Scale WatchKit App.app */,
				3AEBC9EA2521FFD0003EA6E2 /* Scale WatchKit Extension.appex */,
			);
			name = Products;
			sourceTree = "<group>";
		};
		3AEBC9DF2521FFCA003EA6E2 /* Scale WatchKit App */ = {
			isa = PBXGroup;
			children = (
				3AEBC9E02521FFCA003EA6E2 /* Interface.storyboard */,
				3AEBC9E32521FFD0003EA6E2 /* Assets.xcassets */,
				3AEBC9E52521FFD0003EA6E2 /* Info.plist */,
			);
			path = "Scale WatchKit App";
			sourceTree = "<group>";
		};
		3AEBC9EE2521FFD0003EA6E2 /* Scale WatchKit Extension */ = {
			isa = PBXGroup;
			children = (
				3AEBC9EF2521FFD0003EA6E2 /* InterfaceController.swift */,
				3AEBCA0825220368003EA6E2 /* ConfirmationInterfaceController.swift */,
				3AEBC9F12521FFD0003EA6E2 /* ExtensionDelegate.swift */,
				3AEBC9F32521FFD0003EA6E2 /* NotificationController.swift */,
				3AEBC9F52521FFD0003EA6E2 /* ComplicationController.swift */,
				3AEBC9F72521FFD2003EA6E2 /* Assets.xcassets */,
				3AEBC9F92521FFD2003EA6E2 /* Info.plist */,
				3AEBC9FA2521FFD2003EA6E2 /* PushNotificationPayload.apns */,
			);
			path = "Scale WatchKit Extension";
			sourceTree = "<group>";
		};
/* End PBXGroup section */

/* Begin PBXNativeTarget section */
		3AEBC9D62521FFCA003EA6E2 /* Scale */ = {
			isa = PBXNativeTarget;
			buildConfigurationList = 3AEBCA052521FFD2003EA6E2 /* Build configuration list for PBXNativeTarget "Scale" */;
			buildPhases = (
				3AEBC9D52521FFCA003EA6E2 /* Resources */,
				3AEBCA042521FFD2003EA6E2 /* Embed Watch Content */,
			);
			buildRules = (
			);
			dependencies = (
				3AEBC9DE2521FFCA003EA6E2 /* PBXTargetDependency */,
			);
			name = Scale;
			productName = Scale;
			productReference = 3AEBC9D72521FFCA003EA6E2 /* Scale.app */;
			productType = "com.apple.product-type.application.watchapp2-container";
		};
		3AEBC9DA2521FFCA003EA6E2 /* Scale WatchKit App */ = {
			isa = PBXNativeTarget;
			buildConfigurationList = 3AEBCA012521FFD2003EA6E2 /* Build configuration list for PBXNativeTarget "Scale WatchKit App" */;
			buildPhases = (
				3AEBC9D92521FFCA003EA6E2 /* Resources */,
				3AEBCA002521FFD2003EA6E2 /* Embed App Extensions */,
			);
			buildRules = (
			);
			dependencies = (
				3AEBC9ED2521FFD0003EA6E2 /* PBXTargetDependency */,
			);
			name = "Scale WatchKit App";
			productName = "Scale WatchKit App";
			productReference = 3AEBC9DB2521FFCA003EA6E2 /* Scale WatchKit App.app */;
			productType = "com.apple.product-type.application.watchapp2";
		};
		3AEBC9E92521FFD0003EA6E2 /* Scale WatchKit Extension */ = {
			isa = PBXNativeTarget;
			buildConfigurationList = 3AEBC9FD2521FFD2003EA6E2 /* Build configuration list for PBXNativeTarget "Scale WatchKit Extension" */;
			buildPhases = (
				3AEBC9E62521FFD0003EA6E2 /* Sources */,
				3AEBC9E72521FFD0003EA6E2 /* Frameworks */,
				3AEBC9E82521FFD0003EA6E2 /* Resources */,
			);
			buildRules = (
			);
			dependencies = (
			);
			name = "Scale WatchKit Extension";
			productName = "Scale WatchKit Extension";
			productReference = 3AEBC9EA2521FFD0003EA6E2 /* Scale WatchKit Extension.appex */;
			productType = "com.apple.product-type.watchkit2-extension";
		};
/* End PBXNativeTarget section */

/* Begin PBXProject section */
		3AEBC9D12521FFC9003EA6E2 /* Project object */ = {
			isa = PBXProject;
			attributes = {
				LastSwiftUpdateCheck = 1160;
				LastUpgradeCheck = 1160;
				ORGANIZATIONNAME = "Justyn Henman";
				TargetAttributes = {
					3AEBC9D62521FFCA003EA6E2 = {
						CreatedOnToolsVersion = 11.6;
					};
					3AEBC9DA2521FFCA003EA6E2 = {
						CreatedOnToolsVersion = 11.6;
					};
					3AEBC9E92521FFD0003EA6E2 = {
						CreatedOnToolsVersion = 11.6;
					};
				};
			};
			buildConfigurationList = 3AEBC9D42521FFC9003EA6E2 /* Build configuration list for PBXProject "Scale" */;
			compatibilityVersion = "Xcode 9.3";
			developmentRegion = en;
			hasScannedForEncodings = 0;
			knownRegions = (
				en,
				Base,
			);
			mainGroup = 3AEBC9D02521FFC9003EA6E2;
			productRefGroup = 3AEBC9D82521FFCA003EA6E2 /* Products */;
			projectDirPath = "";
			projectRoot = "";
			targets = (
				3AEBC9D62521FFCA003EA6E2 /* Scale */,
				3AEBC9DA2521FFCA003EA6E2 /* Scale WatchKit App */,
				3AEBC9E92521FFD0003EA6E2 /* Scale WatchKit Extension */,
			);
		};
/* End PBXProject section */

/* Begin PBXResourcesBuildPhase section */
		3AEBC9D52521FFCA003EA6E2 /* Resources */ = {
			isa = PBXResourcesBuildPhase;
			buildActionMask = 2147483647;
			files = (
			);
			runOnlyForDeploymentPostprocessing = 0;
		};
		3AEBC9D92521FFCA003EA6E2 /* Resources */ = {
			isa = PBXResourcesBuildPhase;
			buildActionMask = 2147483647;
			files = (
				3AEBC9E42521FFD0003EA6E2 /* Assets.xcassets in Resources */,
				3AEBC9E22521FFCA003EA6E2 /* Interface.storyboard in Resources */,
			);
			runOnlyForDeploymentPostprocessing = 0;
		};
		3AEBC9E82521FFD0003EA6E2 /* Resources */ = {
			isa = PBXResourcesBuildPhase;
			buildActionMask = 2147483647;
			files = (
				3AEBC9F82521FFD2003EA6E2 /* Assets.xcassets in Resources */,
			);
			runOnlyForDeploymentPostprocessing = 0;
		};
/* End PBXResourcesBuildPhase section */

/* Begin PBXSourcesBuildPhase section */
		3AEBC9E62521FFD0003EA6E2 /* Sources */ = {
			isa = PBXSourcesBuildPhase;
			buildActionMask = 2147483647;
			files = (
				3AEBC9F42521FFD0003EA6E2 /* NotificationController.swift in Sources */,
				3AEBCA0925220368003EA6E2 /* ConfirmationInterfaceController.swift in Sources */,
				3AEBC9F62521FFD0003EA6E2 /* ComplicationController.swift in Sources */,
				3AEBC9F22521FFD0003EA6E2 /* ExtensionDelegate.swift in Sources */,
				3AEBC9F02521FFD0003EA6E2 /* InterfaceController.swift in Sources */,
			);
			runOnlyForDeploymentPostprocessing = 0;
		};
/* End PBXSourcesBuildPhase section */

/* Begin PBXTargetDependency section */
		3AEBC9DE2521FFCA003EA6E2 /* PBXTargetDependency */ = {
			isa = PBXTargetDependency;
			target = 3AEBC9DA2521FFCA003EA6E2 /* Scale WatchKit App */;
			targetProxy = 3AEBC9DD2521FFCA003EA6E2 /* PBXContainerItemProxy */;
		};
		3AEBC9ED2521FFD0003EA6E2 /* PBXTargetDependency */ = {
			isa = PBXTargetDependency;
			target = 3AEBC9E92521FFD0003EA6E2 /* Scale WatchKit Extension */;
			targetProxy = 3AEBC9EC2521FFD0003EA6E2 /* PBXContainerItemProxy */;
		};
/* End PBXTargetDependency section */

/* Begin PBXVariantGroup section */
		3AEBC9E02521FFCA003EA6E2 /* Interface.storyboard */ = {
			isa = PBXVariantGroup;
			children = (
				3AEBC9E12521FFCA003EA6E2 /* Base */,
			);
			name = Interface.storyboard;
			sourceTree = "<group>";
		};
/* End PBXVariantGroup section */

/* Begin XCBuildConfiguration section */
		3AEBC9FB2521FFD2003EA6E2 /* Debug */ = {
			isa = XCBuildConfiguration;
			buildSettings = {
				ALWAYS_SEARCH_USER_PATHS = NO;
				CLANG_ANALYZER_NONNULL = YES;
				CLANG_ANALYZER_NUMBER_OBJECT_CONVERSION = YES_AGGRESSIVE;
				CLANG_CXX_LANGUAGE_STANDARD = "gnu++14";
				CLANG_CXX_LIBRARY = "libc++";
				CLANG_ENABLE_MODULES = YES;
				CLANG_ENABLE_OBJC_ARC = YES;
				CLANG_ENABLE_OBJC_WEAK = YES;
				CLANG_WARN_BLOCK_CAPTURE_AUTORELEASING = YES;
				CLANG_WARN_BOOL_CONVERSION = YES;
				CLANG_WARN_COMMA = YES;
				CLANG_WARN_CONSTANT_CONVERSION = YES;
				CLANG_WARN_DEPRECATED_OBJC_IMPLEMENTATIONS = YES;
				CLANG_WARN_DIRECT_OBJC_ISA_USAGE = YES_ERROR;
				CLANG_WARN_DOCUMENTATION_COMMENTS = YES;
				CLANG_WARN_EMPTY_BODY = YES;
				CLANG_WARN_ENUM_CONVERSION = YES;
				CLANG_WARN_INFINITE_RECURSION = YES;
				CLANG_WARN_INT_CONVERSION = YES;
				CLANG_WARN_NON_LITERAL_NULL_CONVERSION = YES;
				CLANG_WARN_OBJC_IMPLICIT_RETAIN_SELF = YES;
				CLANG_WARN_OBJC_LITERAL_CONVERSION = YES;
				CLANG_WARN_OBJC_ROOT_CLASS = YES_ERROR;
				CLANG_WARN_RANGE_LOOP_ANALYSIS = YES;
				CLANG_WARN_STRICT_PROTOTYPES = YES;
				CLANG_WARN_SUSPICIOUS_MOVE = YES;
				CLANG_WARN_UNGUARDED_AVAILABILITY = YES_AGGRESSIVE;
				CLANG_WARN_UNREACHABLE_CODE = YES;
				CLANG_WARN__DUPLICATE_METHOD_MATCH = YES;
				COPY_PHASE_STRIP = NO;
				DEBUG_INFORMATION_FORMAT = dwarf;
				ENABLE_STRICT_OBJC_MSGSEND = YES;
				ENABLE_TESTABILITY = YES;
				GCC_C_LANGUAGE_STANDARD = gnu11;
				GCC_DYNAMIC_NO_PIC = NO;
				GCC_NO_COMMON_BLOCKS = YES;
				GCC_OPTIMIZATION_LEVEL = 0;
				GCC_PREPROCESSOR_DEFINITIONS = (
					"DEBUG=1",
					"$(inherited)",
				);
				GCC_WARN_64_TO_32_BIT_CONVERSION = YES;
				GCC_WARN_ABOUT_RETURN_TYPE = YES_ERROR;
				GCC_WARN_UNDECLARED_SELECTOR = YES;
				GCC_WARN_UNINITIALIZED_AUTOS = YES_AGGRESSIVE;
				GCC_WARN_UNUSED_FUNCTION = YES;
				GCC_WARN_UNUSED_VARIABLE = YES;
				MTL_ENABLE_DEBUG_INFO = INCLUDE_SOURCE;
				MTL_FAST_MATH = YES;
				ONLY_ACTIVE_ARCH = YES;
				SDKROOT = iphoneos;
				SWIFT_ACTIVE_COMPILATION_CONDITIONS = DEBUG;
				SWIFT_OPTIMIZATION_LEVEL = "-Onone";
			};
			name = Debug;
		};
		3AEBC9FC2521FFD2003EA6E2 /* Release */ = {
			isa = XCBuildConfiguration;
			buildSettings = {
				ALWAYS_SEARCH_USER_PATHS = NO;
				CLANG_ANALYZER_NONNULL = YES;
				CLANG_ANALYZER_NUMBER_OBJECT_CONVERSION = YES_AGGRESSIVE;
				CLANG_CXX_LANGUAGE_STANDARD = "gnu++14";
				CLANG_CXX_LIBRARY = "libc++";
				CLANG_ENABLE_MODULES = YES;
				CLANG_ENABLE_OBJC_ARC = YES;
				CLANG_ENABLE_OBJC_WEAK = YES;
				CLANG_WARN_BLOCK_CAPTURE_AUTORELEASING = YES;
				CLANG_WARN_BOOL_CONVERSION = YES;
				CLANG_WARN_COMMA = YES;
				CLANG_WARN_CONSTANT_CONVERSION = YES;
				CLANG_WARN_DEPRECATED_OBJC_IMPLEMENTATIONS = YES;
				CLANG_WARN_DIRECT_OBJC_ISA_USAGE = YES_ERROR;
				CLANG_WARN_DOCUMENTATION_COMMENTS = YES;
				CLANG_WARN_EMPTY_BODY = YES;
				CLANG_WARN_ENUM_CONVERSION = YES;
				CLANG_WARN_INFINITE_RECURSION = YES;
				CLANG_WARN_INT_CONVERSION = YES;
				CLANG_WARN_NON_LITERAL_NULL_CONVERSION = YES;
				CLANG_WARN_OBJC_IMPLICIT_RETAIN_SELF = YES;
				CLANG_WARN_OBJC_LITERAL_CONVERSION = YES;
				CLANG_WARN_OBJC_ROOT_CLASS = YES_ERROR;
				CLANG_WARN_RANGE_LOOP_ANALYSIS = YES;
				CLANG_WARN_STRICT_PROTOTYPES = YES;
				CLANG_WARN_SUSPICIOUS_MOVE = YES;
				CLANG_WARN_UNGUARDED_AVAILABILITY = YES_AGGRESSIVE;
				CLANG_WARN_UNREACHABLE_CODE = YES;
				CLANG_WARN__DUPLICATE_METHOD_MATCH = YES;
				COPY_PHASE_STRIP = NO;
				DEBUG_INFORMATION_FORMAT = "dwarf-with-dsym";
				ENABLE_NS_ASSERTIONS = NO;
				ENABLE_STRICT_OBJC_MSGSEND = YES;
				GCC_C_LANGUAGE_STANDARD = gnu11;
				GCC_NO_COMMON_BLOCKS = YES;
				GCC_WARN_64_TO_32_BIT_CONVERSION = YES;
				GCC_WARN_ABOUT_RETURN_TYPE = YES_ERROR;
				GCC_WARN_UNDECLARED_SELECTOR = YES;
				GCC_WARN_UNINITIALIZED_AUTOS = YES_AGGRESSIVE;
				GCC_WARN_UNUSED_FUNCTION = YES;
				GCC_WARN_UNUSED_VARIABLE = YES;
				MTL_ENABLE_DEBUG_INFO = NO;
				MTL_FAST_MATH = YES;
				SDKROOT = iphoneos;
				SWIFT_COMPILATION_MODE = wholemodule;
				SWIFT_OPTIMIZATION_LEVEL = "-O";
				VALIDATE_PRODUCT = YES;
			};
			name = Release;
		};
		3AEBC9FE2521FFD2003EA6E2 /* Debug */ = {
			isa = XCBuildConfiguration;
			buildSettings = {
				ASSETCATALOG_COMPILER_COMPLICATION_NAME = Complication;
				CODE_SIGN_STYLE = Automatic;
				DEVELOPMENT_TEAM = KR9D699PKJ;
				INFOPLIST_FILE = "Scale WatchKit Extension/Info.plist";
				LD_RUNPATH_SEARCH_PATHS = (
					"$(inherited)",
					"@executable_path/Frameworks",
					"@executable_path/../../Frameworks",
				);
				PRODUCT_BUNDLE_IDENTIFIER = com.ju5tyn.Scale.watchkitapp.watchkitextension;
				PRODUCT_NAME = "${TARGET_NAME}";
				SDKROOT = watchos;
				SKIP_INSTALL = YES;
				SWIFT_VERSION = 5.0;
				TARGETED_DEVICE_FAMILY = 4;
				WATCHOS_DEPLOYMENT_TARGET = 6.2;
			};
			name = Debug;
		};
		3AEBC9FF2521FFD2003EA6E2 /* Release */ = {
			isa = XCBuildConfiguration;
			buildSettings = {
				ASSETCATALOG_COMPILER_COMPLICATION_NAME = Complication;
				CODE_SIGN_STYLE = Automatic;
				DEVELOPMENT_TEAM = KR9D699PKJ;
				INFOPLIST_FILE = "Scale WatchKit Extension/Info.plist";
				LD_RUNPATH_SEARCH_PATHS = (
					"$(inherited)",
					"@executable_path/Frameworks",
					"@executable_path/../../Frameworks",
				);
				PRODUCT_BUNDLE_IDENTIFIER = com.ju5tyn.Scale.watchkitapp.watchkitextension;
				PRODUCT_NAME = "${TARGET_NAME}";
				SDKROOT = watchos;
				SKIP_INSTALL = YES;
				SWIFT_VERSION = 5.0;
				TARGETED_DEVICE_FAMILY = 4;
				WATCHOS_DEPLOYMENT_TARGET = 6.2;
			};
			name = Release;
		};
		3AEBCA022521FFD2003EA6E2 /* Debug */ = {
			isa = XCBuildConfiguration;
			buildSettings = {
				ALWAYS_EMBED_SWIFT_STANDARD_LIBRARIES = YES;
				ASSETCATALOG_COMPILER_APPICON_NAME = AppIcon;
				CODE_SIGN_STYLE = Automatic;
				DEVELOPMENT_TEAM = KR9D699PKJ;
				IBSC_MODULE = Scale_WatchKit_Extension;
				INFOPLIST_FILE = "Scale WatchKit App/Info.plist";
				PRODUCT_BUNDLE_IDENTIFIER = com.ju5tyn.Scale.watchkitapp;
				PRODUCT_NAME = "$(TARGET_NAME)";
				SDKROOT = watchos;
				SKIP_INSTALL = YES;
				SWIFT_VERSION = 5.0;
				TARGETED_DEVICE_FAMILY = 4;
				WATCHOS_DEPLOYMENT_TARGET = 6.2;
			};
			name = Debug;
		};
		3AEBCA032521FFD2003EA6E2 /* Release */ = {
			isa = XCBuildConfiguration;
			buildSettings = {
				ALWAYS_EMBED_SWIFT_STANDARD_LIBRARIES = YES;
				ASSETCATALOG_COMPILER_APPICON_NAME = AppIcon;
				CODE_SIGN_STYLE = Automatic;
				DEVELOPMENT_TEAM = KR9D699PKJ;
				IBSC_MODULE = Scale_WatchKit_Extension;
				INFOPLIST_FILE = "Scale WatchKit App/Info.plist";
				PRODUCT_BUNDLE_IDENTIFIER = com.ju5tyn.Scale.watchkitapp;
				PRODUCT_NAME = "$(TARGET_NAME)";
				SDKROOT = watchos;
				SKIP_INSTALL = YES;
				SWIFT_VERSION = 5.0;
				TARGETED_DEVICE_FAMILY = 4;
				WATCHOS_DEPLOYMENT_TARGET = 6.2;
			};
			name = Release;
		};
		3AEBCA062521FFD2003EA6E2 /* Debug */ = {
			isa = XCBuildConfiguration;
			buildSettings = {
				CODE_SIGN_STYLE = Automatic;
				CURRENT_PROJECT_VERSION = 1;
				DEVELOPMENT_TEAM = KR9D699PKJ;
				MARKETING_VERSION = 1.0;
				PRODUCT_BUNDLE_IDENTIFIER = com.ju5tyn.Scale;
				PRODUCT_NAME = "$(TARGET_NAME)";
				SWIFT_VERSION = 5.0;
			};
			name = Debug;
		};
		3AEBCA072521FFD2003EA6E2 /* Release */ = {
			isa = XCBuildConfiguration;
			buildSettings = {
				CODE_SIGN_STYLE = Automatic;
				CURRENT_PROJECT_VERSION = 1;
				DEVELOPMENT_TEAM = KR9D699PKJ;
				MARKETING_VERSION = 1.0;
				PRODUCT_BUNDLE_IDENTIFIER = com.ju5tyn.Scale;
				PRODUCT_NAME = "$(TARGET_NAME)";
				SWIFT_VERSION = 5.0;
			};
			name = Release;
		};
/* End XCBuildConfiguration section */

/* Begin XCConfigurationList section */
		3AEBC9D42521FFC9003EA6E2 /* Build configuration list for PBXProject "Scale" */ = {
			isa = XCConfigurationList;
			buildConfigurations = (
				3AEBC9FB2521FFD2003EA6E2 /* Debug */,
				3AEBC9FC2521FFD2003EA6E2 /* Release */,
			);
			defaultConfigurationIsVisible = 0;
			defaultConfigurationName = Release;
		};
		3AEBC9FD2521FFD2003EA6E2 /* Build configuration list for PBXNativeTarget "Scale WatchKit Extension" */ = {
			isa = XCConfigurationList;
			buildConfigurations = (
				3AEBC9FE2521FFD2003EA6E2 /* Debug */,
				3AEBC9FF2521FFD2003EA6E2 /* Release */,
			);
			defaultConfigurationIsVisible = 0;
			defaultConfigurationName = Release;
		};
		3AEBCA012521FFD2003EA6E2 /* Build configuration list for PBXNativeTarget "Scale WatchKit App" */ = {
			isa = XCConfigurationList;
			buildConfigurations = (
				3AEBCA022521FFD2003EA6E2 /* Debug */,
				3AEBCA032521FFD2003EA6E2 /* Release */,
			);
			defaultConfigurationIsVisible = 0;
			defaultConfigurationName = Release;
		};
		3AEBCA052521FFD2003EA6E2 /* Build configuration list for PBXNativeTarget "Scale" */ = {
			isa = XCConfigurationList;
			buildConfigurations = (
				3AEBCA062521FFD2003EA6E2 /* Debug */,
				3AEBCA072521FFD2003EA6E2 /* Release */,
			);
			defaultConfigurationIsVisible = 0;
			defaultConfigurationName = Release;
		};
/* End XCConfigurationList section */
	};
	rootObject = 3AEBC9D12521FFC9003EA6E2 /* Project object */;
}
